// !$*UTF8*$!
{
	archiveVersion = 1;
	classes = {
	};
	objectVersion = 46;
	objects = {

/* Begin PBXBuildFile section */
		910390D01688829B0022F869 /* login_background_portrait_iphone.png in Resources */ = {isa = PBXBuildFile; fileRef = 910390CF1688829B0022F869 /* login_background_portrait_iphone.png */; };
		91110E49166EACDE00BBB7F8 /* GlobalModel.m in Sources */ = {isa = PBXBuildFile; fileRef = 91110E48166EACDE00BBB7F8 /* GlobalModel.m */; };
		91110E4F166FEA3700BBB7F8 /* WS_JobTaskAllocation.m in Sources */ = {isa = PBXBuildFile; fileRef = 91110E4E166FEA3700BBB7F8 /* WS_JobTaskAllocation.m */; };
		91110E61167262C600BBB7F8 /* Constants.m in Sources */ = {isa = PBXBuildFile; fileRef = 91110E60167262C600BBB7F8 /* Constants.m */; };
		91110E6A1674EF0F00BBB7F8 /* TaskDetailViewController.m in Sources */ = {isa = PBXBuildFile; fileRef = 91110E691674EF0F00BBB7F8 /* TaskDetailViewController.m */; };
		911725C516A0C73F00D45E78 /* ActivityIndicator-iPhone.xib in Resources */ = {isa = PBXBuildFile; fileRef = 911725C416A0C73F00D45E78 /* ActivityIndicator-iPhone.xib */; };
		911725C816A1A7B000D45E78 /* traffic_logo_57.png in Resources */ = {isa = PBXBuildFile; fileRef = 911725C716A1A7AE00D45E78 /* traffic_logo_57.png */; };
		911725CA16A1A7C700D45E78 /* traffic_logo_114.png in Resources */ = {isa = PBXBuildFile; fileRef = 911725C916A1A7C600D45E78 /* traffic_logo_114.png */; };
		911725CC16A1A7EF00D45E78 /* traffic_logo_72.png in Resources */ = {isa = PBXBuildFile; fileRef = 911725CB16A1A7EE00D45E78 /* traffic_logo_72.png */; };
		911725CE16A1A7F800D45E78 /* traffic_logo_144.png in Resources */ = {isa = PBXBuildFile; fileRef = 911725CD16A1A7F700D45E78 /* traffic_logo_144.png */; };
		9153CD0816750C8700875EFB /* WS_Job.m in Sources */ = {isa = PBXBuildFile; fileRef = 9153CD0716750C8700875EFB /* WS_Job.m */; };
		9153CD0C167513C200875EFB /* WS_Project.m in Sources */ = {isa = PBXBuildFile; fileRef = 9153CD0B167513C200875EFB /* WS_Project.m */; };
		9153CD0F167513D200875EFB /* WS_Client.m in Sources */ = {isa = PBXBuildFile; fileRef = 9153CD0E167513D100875EFB /* WS_Client.m */; };
		9153CD121675146E00875EFB /* WS_TrafficEmployee.m in Sources */ = {isa = PBXBuildFile; fileRef = 9153CD111675146E00875EFB /* WS_TrafficEmployee.m */; };
		9153CD151675166D00875EFB /* WS_JobDetail.m in Sources */ = {isa = PBXBuildFile; fileRef = 9153CD141675166D00875EFB /* WS_JobDetail.m */; };
		916222021695F59E00464616 /* ConfigureRestkitCommand.m in Sources */ = {isa = PBXBuildFile; fileRef = 916222011695F59D00464616 /* ConfigureRestkitCommand.m */; };
		916222061695FF2000464616 /* ServiceCommandLibrary.m in Sources */ = {isa = PBXBuildFile; fileRef = 916222051695FF2000464616 /* ServiceCommandLibrary.m */; };
		916222091696001700464616 /* LoadJobsCommand.m in Sources */ = {isa = PBXBuildFile; fileRef = 916222081696001600464616 /* LoadJobsCommand.m */; };
		916A3AE0168515E800AEEEDF /* NothingSelectedView.xib in Resources */ = {isa = PBXBuildFile; fileRef = 916A3ADF168515E800AEEEDF /* NothingSelectedView.xib */; };
		916A3AE916875D4300AEEEDF /* SettingsViewController.m in Sources */ = {isa = PBXBuildFile; fileRef = 916A3AE816875D4300AEEEDF /* SettingsViewController.m */; };
		916A3AEC1687648800AEEEDF /* UIToolbar+Helper.m in Sources */ = {isa = PBXBuildFile; fileRef = 916A3AEB1687648700AEEEDF /* UIToolbar+Helper.m */; };
		91709B7116768CDA00078DCA /* greyLogo320.png in Resources */ = {isa = PBXBuildFile; fileRef = 91709B7016768CDA00078DCA /* greyLogo320.png */; };
		9177C23E162B4268004719B6 /* UIKit.framework in Frameworks */ = {isa = PBXBuildFile; fileRef = 9177C23D162B4268004719B6 /* UIKit.framework */; };
		9177C240162B4268004719B6 /* Foundation.framework in Frameworks */ = {isa = PBXBuildFile; fileRef = 9177C23F162B4268004719B6 /* Foundation.framework */; };
		9177C242162B4268004719B6 /* CoreGraphics.framework in Frameworks */ = {isa = PBXBuildFile; fileRef = 9177C241162B4268004719B6 /* CoreGraphics.framework */; };
		9177C248162B4268004719B6 /* InfoPlist.strings in Resources */ = {isa = PBXBuildFile; fileRef = 9177C246162B4268004719B6 /* InfoPlist.strings */; };
		9177C24A162B4268004719B6 /* main.m in Sources */ = {isa = PBXBuildFile; fileRef = 9177C249162B4268004719B6 /* main.m */; };
		9177C24E162B4268004719B6 /* AppDelegate.m in Sources */ = {isa = PBXBuildFile; fileRef = 9177C24D162B4268004719B6 /* AppDelegate.m */; };
		9177C257162B4268004719B6 /* MainStoryboard_iPhone.storyboard in Resources */ = {isa = PBXBuildFile; fileRef = 9177C255162B4268004719B6 /* MainStoryboard_iPhone.storyboard */; };
		9177C25A162B4268004719B6 /* MainStoryboard_iPad.storyboard in Resources */ = {isa = PBXBuildFile; fileRef = 9177C258162B4268004719B6 /* MainStoryboard_iPad.storyboard */; };
		9177C25D162B4268004719B6 /* MasterViewController.m in Sources */ = {isa = PBXBuildFile; fileRef = 9177C25C162B4268004719B6 /* MasterViewController.m */; };
		9177C260162B4268004719B6 /* DetailViewController.m in Sources */ = {isa = PBXBuildFile; fileRef = 9177C25F162B4268004719B6 /* DetailViewController.m */; };
		9177C268162B450C004719B6 /* LoginViewController.m in Sources */ = {isa = PBXBuildFile; fileRef = 9177C267162B450C004719B6 /* LoginViewController.m */; };
		917C3E88168E10AC00896A61 /* Money.m in Sources */ = {isa = PBXBuildFile; fileRef = 91BA64831651949900B91A41 /* Money.m */; };
		91825CAC1679331000404C52 /* WS_JobTask.m in Sources */ = {isa = PBXBuildFile; fileRef = 91825CAB1679330F00404C52 /* WS_JobTask.m */; };
		91825CBC167D2B0100404C52 /* whiteLogo320.png in Resources */ = {isa = PBXBuildFile; fileRef = 91825CBB167D2B0000404C52 /* whiteLogo320.png */; };
		91825CBE167D2C0B00404C52 /* login_background_landscape.png in Resources */ = {isa = PBXBuildFile; fileRef = 91825CBD167D2C0A00404C52 /* login_background_landscape.png */; };
		9185847D165D40D200A2950E /* libobjc.A.dylib in Frameworks */ = {isa = PBXBuildFile; fileRef = 9185847C165D40D200A2950E /* libobjc.A.dylib */; };
		91858481165D484200A2950E /* BaseObject.m in Sources */ = {isa = PBXBuildFile; fileRef = 91858480165D484200A2950E /* BaseObject.m */; };
		918AD3B4166E464F00DFC21C /* Default.png in Resources */ = {isa = PBXBuildFile; fileRef = 918AD3B3166E464E00DFC21C /* Default.png */; };
		918AD3B6166E466A00DFC21C /* Default@2x.png in Resources */ = {isa = PBXBuildFile; fileRef = 918AD3B5166E466A00DFC21C /* Default@2x.png */; };
		918AD3B8166E468C00DFC21C /* Default-568h@2x.png in Resources */ = {isa = PBXBuildFile; fileRef = 918AD3B7166E468C00DFC21C /* Default-568h@2x.png */; };
		918D5E69169085EA00696318 /* WS_AllocationInterval.m in Sources */ = {isa = PBXBuildFile; fileRef = 918D5E68169085EA00696318 /* WS_AllocationInterval.m */; };
		918D5E701690E30B00696318 /* HappyRatingHelper.m in Sources */ = {isa = PBXBuildFile; fileRef = 918D5E6F1690E30B00696318 /* HappyRatingHelper.m */; };
		918D5E761691FA0800696318 /* NSNull+Addition.m in Sources */ = {isa = PBXBuildFile; fileRef = 918D5E751691FA0800696318 /* NSNull+Addition.m */; };
		918D5E7816922AF800696318 /* NSDictionary+Helpers.m in Sources */ = {isa = PBXBuildFile; fileRef = 918D5E7716922AF700696318 /* NSDictionary+Helpers.m */; };
		918D5E7D1693897600696318 /* whiteLogo160.png in Resources */ = {isa = PBXBuildFile; fileRef = 918D5E7C1693897600696318 /* whiteLogo160.png */; };
		918D638116950AEA00696318 /* LoadClientCompanies.m in Sources */ = {isa = PBXBuildFile; fileRef = 918D638016950AE600696318 /* LoadClientCompanies.m */; };
		91BA648116516BDF00B91A41 /* WS_TimeEntry.m in Sources */ = {isa = PBXBuildFile; fileRef = 91BA648016516BDF00B91A41 /* WS_TimeEntry.m */; };
		91BA648B16557C8800B91A41 /* Security.framework in Frameworks */ = {isa = PBXBuildFile; fileRef = 91BA648A16557C8800B91A41 /* Security.framework */; };
		91BA648E1655A6E300B91A41 /* KeychainItemWrapper.m in Sources */ = {isa = PBXBuildFile; fileRef = 91BA648D1655A6E300B91A41 /* KeychainItemWrapper.m */; };
		91BA64911657F99200B91A41 /* TaskAllocationCell.m in Sources */ = {isa = PBXBuildFile; fileRef = 91BA64901657F99100B91A41 /* TaskAllocationCell.m */; };
		91BA649716583AD300B91A41 /* Default-Portrait~ipad.png in Resources */ = {isa = PBXBuildFile; fileRef = 91BA649616583AD300B91A41 /* Default-Portrait~ipad.png */; };
		91BA649916583AF200B91A41 /* Default-Landscape~ipad.png in Resources */ = {isa = PBXBuildFile; fileRef = 91BA649816583AF200B91A41 /* Default-Landscape~ipad.png */; };
		91BA649B16583B0C00B91A41 /* Default-Portrait@2x~ipad.png in Resources */ = {isa = PBXBuildFile; fileRef = 91BA649A16583B0C00B91A41 /* Default-Portrait@2x~ipad.png */; };
		91BA649D16583B1E00B91A41 /* Default-Landscape@2x~ipad.png in Resources */ = {isa = PBXBuildFile; fileRef = 91BA649C16583B1E00B91A41 /* Default-Landscape@2x~ipad.png */; };
		91BA64A116583F1800B91A41 /* happyRatingCompletedSmall320.png in Resources */ = {isa = PBXBuildFile; fileRef = 91BA649E16583F1700B91A41 /* happyRatingCompletedSmall320.png */; };
		91BA64A216583F1800B91A41 /* happyRatingHappySmall320.png in Resources */ = {isa = PBXBuildFile; fileRef = 91BA649F16583F1700B91A41 /* happyRatingHappySmall320.png */; };
		91BA64A316583F1800B91A41 /* happyRatingSadSmall320.png in Resources */ = {isa = PBXBuildFile; fileRef = 91BA64A016583F1800B91A41 /* happyRatingSadSmall320.png */; };
		91BA64A51658479700B91A41 /* QuartzCore.framework in Frameworks */ = {isa = PBXBuildFile; fileRef = 91BA64A41658479700B91A41 /* QuartzCore.framework */; };
		91BA64AB1659927D00B91A41 /* UIColor+CreateMethods.m in Sources */ = {isa = PBXBuildFile; fileRef = 91BA64AA1659927D00B91A41 /* UIColor+CreateMethods.m */; };
		91BA64B3165BDDDA00B91A41 /* NSDate+Helper.m in Sources */ = {isa = PBXBuildFile; fileRef = 91BA64B2165BDDD900B91A41 /* NSDate+Helper.m */; };
		91BA64B6165C3F7B00B91A41 /* PGToggleButton.m in Sources */ = {isa = PBXBuildFile; fileRef = 91BA64B5165C3F7A00B91A41 /* PGToggleButton.m */; };
		91BA64BC165C42F600B91A41 /* clock320.png in Resources */ = {isa = PBXBuildFile; fileRef = 91BA64B7165C42F300B91A41 /* clock320.png */; };
		91BA64BE165C42F600B91A41 /* pause320.png in Resources */ = {isa = PBXBuildFile; fileRef = 91BA64B9165C42F400B91A41 /* pause320.png */; };
		91BA64BF165C42F600B91A41 /* play320.png in Resources */ = {isa = PBXBuildFile; fileRef = 91BA64BA165C42F400B91A41 /* play320.png */; };
		91BA64C0165C42F600B91A41 /* stop320.png in Resources */ = {isa = PBXBuildFile; fileRef = 91BA64BB165C42F500B91A41 /* stop320.png */; };
		D73935702920494185EAA5FA /* libPods.a in Frameworks */ = {isa = PBXBuildFile; fileRef = 03D043359D7343E5ACE3C01E /* libPods.a */; };
/* End PBXBuildFile section */

/* Begin PBXFileReference section */
		03D043359D7343E5ACE3C01E /* libPods.a */ = {isa = PBXFileReference; explicitFileType = archive.ar; includeInIndex = 0; path = libPods.a; sourceTree = BUILT_PRODUCTS_DIR; };
		2FF048F9AFAE4FBE8D6F176E /* Pods.xcconfig */ = {isa = PBXFileReference; includeInIndex = 1; lastKnownFileType = text.xcconfig; name = Pods.xcconfig; path = Pods/Pods.xcconfig; sourceTree = SOURCE_ROOT; };
		910390CF1688829B0022F869 /* login_background_portrait_iphone.png */ = {isa = PBXFileReference; lastKnownFileType = image.png; path = login_background_portrait_iphone.png; sourceTree = "<group>"; };
		91110E47166EACDE00BBB7F8 /* GlobalModel.h */ = {isa = PBXFileReference; fileEncoding = 4; lastKnownFileType = sourcecode.c.h; path = GlobalModel.h; sourceTree = "<group>"; };
		91110E48166EACDE00BBB7F8 /* GlobalModel.m */ = {isa = PBXFileReference; fileEncoding = 4; lastKnownFileType = sourcecode.c.objc; path = GlobalModel.m; sourceTree = "<group>"; };
		91110E4D166FEA3700BBB7F8 /* WS_JobTaskAllocation.h */ = {isa = PBXFileReference; fileEncoding = 4; lastKnownFileType = sourcecode.c.h; path = WS_JobTaskAllocation.h; sourceTree = "<group>"; };
		91110E4E166FEA3700BBB7F8 /* WS_JobTaskAllocation.m */ = {isa = PBXFileReference; fileEncoding = 4; lastKnownFileType = sourcecode.c.objc; path = WS_JobTaskAllocation.m; sourceTree = "<group>"; };
		91110E5F167262C500BBB7F8 /* Constants.h */ = {isa = PBXFileReference; fileEncoding = 4; lastKnownFileType = sourcecode.c.h; path = Constants.h; sourceTree = "<group>"; };
		91110E60167262C600BBB7F8 /* Constants.m */ = {isa = PBXFileReference; fileEncoding = 4; lastKnownFileType = sourcecode.c.objc; path = Constants.m; sourceTree = "<group>"; };
		91110E681674EF0E00BBB7F8 /* TaskDetailViewController.h */ = {isa = PBXFileReference; fileEncoding = 4; lastKnownFileType = sourcecode.c.h; path = TaskDetailViewController.h; sourceTree = "<group>"; };
		91110E691674EF0F00BBB7F8 /* TaskDetailViewController.m */ = {isa = PBXFileReference; fileEncoding = 4; lastKnownFileType = sourcecode.c.objc; path = TaskDetailViewController.m; sourceTree = "<group>"; };
		911725C416A0C73F00D45E78 /* ActivityIndicator-iPhone.xib */ = {isa = PBXFileReference; fileEncoding = 4; lastKnownFileType = file.xib; path = "ActivityIndicator-iPhone.xib"; sourceTree = "<group>"; };
		911725C716A1A7AE00D45E78 /* traffic_logo_57.png */ = {isa = PBXFileReference; lastKnownFileType = image.png; name = traffic_logo_57.png; path = ../traffic_logo_57.png; sourceTree = "<group>"; };
		911725C916A1A7C600D45E78 /* traffic_logo_114.png */ = {isa = PBXFileReference; lastKnownFileType = image.png; name = traffic_logo_114.png; path = ../traffic_logo_114.png; sourceTree = "<group>"; };
		911725CB16A1A7EE00D45E78 /* traffic_logo_72.png */ = {isa = PBXFileReference; lastKnownFileType = image.png; name = traffic_logo_72.png; path = ../traffic_logo_72.png; sourceTree = "<group>"; };
		911725CD16A1A7F700D45E78 /* traffic_logo_144.png */ = {isa = PBXFileReference; lastKnownFileType = image.png; name = traffic_logo_144.png; path = ../traffic_logo_144.png; sourceTree = "<group>"; };
		9153CD0616750C8700875EFB /* WS_Job.h */ = {isa = PBXFileReference; fileEncoding = 4; lastKnownFileType = sourcecode.c.h; path = WS_Job.h; sourceTree = "<group>"; };
		9153CD0716750C8700875EFB /* WS_Job.m */ = {isa = PBXFileReference; fileEncoding = 4; lastKnownFileType = sourcecode.c.objc; path = WS_Job.m; sourceTree = "<group>"; };
		9153CD0A167513C100875EFB /* WS_Project.h */ = {isa = PBXFileReference; fileEncoding = 4; lastKnownFileType = sourcecode.c.h; path = WS_Project.h; sourceTree = "<group>"; };
		9153CD0B167513C200875EFB /* WS_Project.m */ = {isa = PBXFileReference; fileEncoding = 4; lastKnownFileType = sourcecode.c.objc; path = WS_Project.m; sourceTree = "<group>"; };
		9153CD0D167513D100875EFB /* WS_Client.h */ = {isa = PBXFileReference; fileEncoding = 4; lastKnownFileType = sourcecode.c.h; path = WS_Client.h; sourceTree = "<group>"; };
		9153CD0E167513D100875EFB /* WS_Client.m */ = {isa = PBXFileReference; fileEncoding = 4; lastKnownFileType = sourcecode.c.objc; path = WS_Client.m; sourceTree = "<group>"; };
		9153CD101675146E00875EFB /* WS_TrafficEmployee.h */ = {isa = PBXFileReference; fileEncoding = 4; lastKnownFileType = sourcecode.c.h; path = WS_TrafficEmployee.h; sourceTree = "<group>"; };
		9153CD111675146E00875EFB /* WS_TrafficEmployee.m */ = {isa = PBXFileReference; fileEncoding = 4; lastKnownFileType = sourcecode.c.objc; path = WS_TrafficEmployee.m; sourceTree = "<group>"; };
		9153CD131675166D00875EFB /* WS_JobDetail.h */ = {isa = PBXFileReference; fileEncoding = 4; lastKnownFileType = sourcecode.c.h; path = WS_JobDetail.h; sourceTree = "<group>"; };
		9153CD141675166D00875EFB /* WS_JobDetail.m */ = {isa = PBXFileReference; fileEncoding = 4; lastKnownFileType = sourcecode.c.objc; path = WS_JobDetail.m; sourceTree = "<group>"; };
		916222001695F59D00464616 /* ConfigureRestkitCommand.h */ = {isa = PBXFileReference; fileEncoding = 4; lastKnownFileType = sourcecode.c.h; path = ConfigureRestkitCommand.h; sourceTree = "<group>"; };
		916222011695F59D00464616 /* ConfigureRestkitCommand.m */ = {isa = PBXFileReference; fileEncoding = 4; lastKnownFileType = sourcecode.c.objc; path = ConfigureRestkitCommand.m; sourceTree = "<group>"; };
		916222041695FF2000464616 /* ServiceCommandLibrary.h */ = {isa = PBXFileReference; fileEncoding = 4; lastKnownFileType = sourcecode.c.h; path = ServiceCommandLibrary.h; sourceTree = "<group>"; };
		916222051695FF2000464616 /* ServiceCommandLibrary.m */ = {isa = PBXFileReference; fileEncoding = 4; lastKnownFileType = sourcecode.c.objc; path = ServiceCommandLibrary.m; sourceTree = "<group>"; };
		916222071696001600464616 /* LoadJobsCommand.h */ = {isa = PBXFileReference; fileEncoding = 4; lastKnownFileType = sourcecode.c.h; path = LoadJobsCommand.h; sourceTree = "<group>"; };
		916222081696001600464616 /* LoadJobsCommand.m */ = {isa = PBXFileReference; fileEncoding = 4; lastKnownFileType = sourcecode.c.objc; path = LoadJobsCommand.m; sourceTree = "<group>"; };
		916A3ADF168515E800AEEEDF /* NothingSelectedView.xib */ = {isa = PBXFileReference; fileEncoding = 4; lastKnownFileType = file.xib; path = NothingSelectedView.xib; sourceTree = "<group>"; };
		916A3AE716875D4300AEEEDF /* SettingsViewController.h */ = {isa = PBXFileReference; fileEncoding = 4; lastKnownFileType = sourcecode.c.h; path = SettingsViewController.h; sourceTree = "<group>"; };
		916A3AE816875D4300AEEEDF /* SettingsViewController.m */ = {isa = PBXFileReference; fileEncoding = 4; lastKnownFileType = sourcecode.c.objc; path = SettingsViewController.m; sourceTree = "<group>"; };
		916A3AEA1687648700AEEEDF /* UIToolbar+Helper.h */ = {isa = PBXFileReference; fileEncoding = 4; lastKnownFileType = sourcecode.c.h; path = "UIToolbar+Helper.h"; sourceTree = "<group>"; };
		916A3AEB1687648700AEEEDF /* UIToolbar+Helper.m */ = {isa = PBXFileReference; fileEncoding = 4; lastKnownFileType = sourcecode.c.objc; path = "UIToolbar+Helper.m"; sourceTree = "<group>"; };
		91709B7016768CDA00078DCA /* greyLogo320.png */ = {isa = PBXFileReference; lastKnownFileType = image.png; path = greyLogo320.png; sourceTree = "<group>"; };
		9177C239162B4268004719B6 /* Traffic.app */ = {isa = PBXFileReference; explicitFileType = wrapper.application; includeInIndex = 0; path = Traffic.app; sourceTree = BUILT_PRODUCTS_DIR; };
		9177C23D162B4268004719B6 /* UIKit.framework */ = {isa = PBXFileReference; lastKnownFileType = wrapper.framework; name = UIKit.framework; path = System/Library/Frameworks/UIKit.framework; sourceTree = SDKROOT; };
		9177C23F162B4268004719B6 /* Foundation.framework */ = {isa = PBXFileReference; lastKnownFileType = wrapper.framework; name = Foundation.framework; path = System/Library/Frameworks/Foundation.framework; sourceTree = SDKROOT; };
		9177C241162B4268004719B6 /* CoreGraphics.framework */ = {isa = PBXFileReference; lastKnownFileType = wrapper.framework; name = CoreGraphics.framework; path = System/Library/Frameworks/CoreGraphics.framework; sourceTree = SDKROOT; };
		9177C245162B4268004719B6 /* Traffic-Info.plist */ = {isa = PBXFileReference; lastKnownFileType = text.plist.xml; path = "Traffic-Info.plist"; sourceTree = "<group>"; };
		9177C247162B4268004719B6 /* en */ = {isa = PBXFileReference; lastKnownFileType = text.plist.strings; name = en; path = en.lproj/InfoPlist.strings; sourceTree = "<group>"; };
		9177C249162B4268004719B6 /* main.m */ = {isa = PBXFileReference; lastKnownFileType = sourcecode.c.objc; path = main.m; sourceTree = "<group>"; };
		9177C24B162B4268004719B6 /* Traffic-Prefix.pch */ = {isa = PBXFileReference; lastKnownFileType = sourcecode.c.h; path = "Traffic-Prefix.pch"; sourceTree = "<group>"; };
		9177C24C162B4268004719B6 /* AppDelegate.h */ = {isa = PBXFileReference; lastKnownFileType = sourcecode.c.h; path = AppDelegate.h; sourceTree = "<group>"; };
		9177C24D162B4268004719B6 /* AppDelegate.m */ = {isa = PBXFileReference; lastKnownFileType = sourcecode.c.objc; path = AppDelegate.m; sourceTree = "<group>"; };
		9177C256162B4268004719B6 /* en */ = {isa = PBXFileReference; lastKnownFileType = file.storyboard; name = en; path = en.lproj/MainStoryboard_iPhone.storyboard; sourceTree = "<group>"; };
		9177C259162B4268004719B6 /* en */ = {isa = PBXFileReference; lastKnownFileType = file.storyboard; name = en; path = en.lproj/MainStoryboard_iPad.storyboard; sourceTree = "<group>"; };
		9177C25B162B4268004719B6 /* MasterViewController.h */ = {isa = PBXFileReference; lastKnownFileType = sourcecode.c.h; path = MasterViewController.h; sourceTree = "<group>"; };
		9177C25C162B4268004719B6 /* MasterViewController.m */ = {isa = PBXFileReference; lastKnownFileType = sourcecode.c.objc; path = MasterViewController.m; sourceTree = "<group>"; };
		9177C25E162B4268004719B6 /* DetailViewController.h */ = {isa = PBXFileReference; lastKnownFileType = sourcecode.c.h; path = DetailViewController.h; sourceTree = "<group>"; };
		9177C25F162B4268004719B6 /* DetailViewController.m */ = {isa = PBXFileReference; lastKnownFileType = sourcecode.c.objc; path = DetailViewController.m; sourceTree = "<group>"; };
		9177C266162B450C004719B6 /* LoginViewController.h */ = {isa = PBXFileReference; fileEncoding = 4; lastKnownFileType = sourcecode.c.h; path = LoginViewController.h; sourceTree = "<group>"; };
		9177C267162B450C004719B6 /* LoginViewController.m */ = {isa = PBXFileReference; fileEncoding = 4; lastKnownFileType = sourcecode.c.objc; path = LoginViewController.m; sourceTree = "<group>"; };
		91825CAA1679330F00404C52 /* WS_JobTask.h */ = {isa = PBXFileReference; fileEncoding = 4; lastKnownFileType = sourcecode.c.h; path = WS_JobTask.h; sourceTree = "<group>"; };
		91825CAB1679330F00404C52 /* WS_JobTask.m */ = {isa = PBXFileReference; fileEncoding = 4; lastKnownFileType = sourcecode.c.objc; path = WS_JobTask.m; sourceTree = "<group>"; };
		91825CBB167D2B0000404C52 /* whiteLogo320.png */ = {isa = PBXFileReference; lastKnownFileType = image.png; path = whiteLogo320.png; sourceTree = "<group>"; };
		91825CBD167D2C0A00404C52 /* login_background_landscape.png */ = {isa = PBXFileReference; lastKnownFileType = image.png; path = login_background_landscape.png; sourceTree = "<group>"; };
		9185847C165D40D200A2950E /* libobjc.A.dylib */ = {isa = PBXFileReference; lastKnownFileType = "compiled.mach-o.dylib"; name = libobjc.A.dylib; path = usr/lib/libobjc.A.dylib; sourceTree = SDKROOT; };
		9185847F165D484200A2950E /* BaseObject.h */ = {isa = PBXFileReference; fileEncoding = 4; lastKnownFileType = sourcecode.c.h; path = BaseObject.h; sourceTree = "<group>"; };
		91858480165D484200A2950E /* BaseObject.m */ = {isa = PBXFileReference; fileEncoding = 4; lastKnownFileType = sourcecode.c.objc; path = BaseObject.m; sourceTree = "<group>"; };
		918AD3B3166E464E00DFC21C /* Default.png */ = {isa = PBXFileReference; lastKnownFileType = image.png; name = Default.png; path = ../Default.png; sourceTree = "<group>"; };
		918AD3B5166E466A00DFC21C /* Default@2x.png */ = {isa = PBXFileReference; lastKnownFileType = image.png; name = "Default@2x.png"; path = "../Default@2x.png"; sourceTree = "<group>"; };
		918AD3B7166E468C00DFC21C /* Default-568h@2x.png */ = {isa = PBXFileReference; lastKnownFileType = image.png; name = "Default-568h@2x.png"; path = "../Default-568h@2x.png"; sourceTree = "<group>"; };
		918D5E67169085EA00696318 /* WS_AllocationInterval.h */ = {isa = PBXFileReference; fileEncoding = 4; lastKnownFileType = sourcecode.c.h; path = WS_AllocationInterval.h; sourceTree = "<group>"; };
		918D5E68169085EA00696318 /* WS_AllocationInterval.m */ = {isa = PBXFileReference; fileEncoding = 4; lastKnownFileType = sourcecode.c.objc; path = WS_AllocationInterval.m; sourceTree = "<group>"; };
		918D5E6E1690E30B00696318 /* HappyRatingHelper.h */ = {isa = PBXFileReference; fileEncoding = 4; lastKnownFileType = sourcecode.c.h; path = HappyRatingHelper.h; sourceTree = "<group>"; };
		918D5E6F1690E30B00696318 /* HappyRatingHelper.m */ = {isa = PBXFileReference; fileEncoding = 4; lastKnownFileType = sourcecode.c.objc; path = HappyRatingHelper.m; sourceTree = "<group>"; };
		918D5E741691FA0700696318 /* NSNull+Addition.h */ = {isa = PBXFileReference; fileEncoding = 4; lastKnownFileType = sourcecode.c.h; path = "NSNull+Addition.h"; sourceTree = "<group>"; };
		918D5E751691FA0800696318 /* NSNull+Addition.m */ = {isa = PBXFileReference; fileEncoding = 4; lastKnownFileType = sourcecode.c.objc; path = "NSNull+Addition.m"; sourceTree = "<group>"; };
		918D5E7716922AF700696318 /* NSDictionary+Helpers.m */ = {isa = PBXFileReference; fileEncoding = 4; lastKnownFileType = sourcecode.c.objc; path = "NSDictionary+Helpers.m"; sourceTree = "<group>"; };
		918D5E7916922B1C00696318 /* NSDictionary+Helpers.h */ = {isa = PBXFileReference; lastKnownFileType = sourcecode.c.h; path = "NSDictionary+Helpers.h"; sourceTree = "<group>"; };
		918D5E7C1693897600696318 /* whiteLogo160.png */ = {isa = PBXFileReference; lastKnownFileType = image.png; path = whiteLogo160.png; sourceTree = "<group>"; };
		918D637F16950AE500696318 /* LoadClientCompanies.h */ = {isa = PBXFileReference; fileEncoding = 4; lastKnownFileType = sourcecode.c.h; path = LoadClientCompanies.h; sourceTree = "<group>"; };
		918D638016950AE600696318 /* LoadClientCompanies.m */ = {isa = PBXFileReference; fileEncoding = 4; lastKnownFileType = sourcecode.c.objc; path = LoadClientCompanies.m; sourceTree = "<group>"; };
		91BA647E16516BB400B91A41 /* WS_TimeEntry.h */ = {isa = PBXFileReference; fileEncoding = 4; lastKnownFileType = sourcecode.c.h; path = WS_TimeEntry.h; sourceTree = "<group>"; };
		91BA648016516BDF00B91A41 /* WS_TimeEntry.m */ = {isa = PBXFileReference; fileEncoding = 4; lastKnownFileType = sourcecode.c.objc; path = WS_TimeEntry.m; sourceTree = "<group>"; };
		91BA64821651949900B91A41 /* Money.h */ = {isa = PBXFileReference; lastKnownFileType = sourcecode.c.h; path = Money.h; sourceTree = "<group>"; };
		91BA64831651949900B91A41 /* Money.m */ = {isa = PBXFileReference; lastKnownFileType = sourcecode.c.objc; path = Money.m; sourceTree = "<group>"; };
		91BA648A16557C8800B91A41 /* Security.framework */ = {isa = PBXFileReference; lastKnownFileType = wrapper.framework; name = Security.framework; path = System/Library/Frameworks/Security.framework; sourceTree = SDKROOT; };
		91BA648C1655A6E300B91A41 /* KeychainItemWrapper.h */ = {isa = PBXFileReference; fileEncoding = 4; lastKnownFileType = sourcecode.c.h; path = KeychainItemWrapper.h; sourceTree = "<group>"; };
		91BA648D1655A6E300B91A41 /* KeychainItemWrapper.m */ = {isa = PBXFileReference; fileEncoding = 4; lastKnownFileType = sourcecode.c.objc; path = KeychainItemWrapper.m; sourceTree = "<group>"; };
		91BA648F1657F99000B91A41 /* TaskAllocationCell.h */ = {isa = PBXFileReference; fileEncoding = 4; lastKnownFileType = sourcecode.c.h; path = TaskAllocationCell.h; sourceTree = "<group>"; };
		91BA64901657F99100B91A41 /* TaskAllocationCell.m */ = {isa = PBXFileReference; fileEncoding = 4; lastKnownFileType = sourcecode.c.objc; path = TaskAllocationCell.m; sourceTree = "<group>"; };
		91BA649616583AD300B91A41 /* Default-Portrait~ipad.png */ = {isa = PBXFileReference; lastKnownFileType = image.png; name = "Default-Portrait~ipad.png"; path = "../Default-Portrait~ipad.png"; sourceTree = "<group>"; };
		91BA649816583AF200B91A41 /* Default-Landscape~ipad.png */ = {isa = PBXFileReference; lastKnownFileType = image.png; name = "Default-Landscape~ipad.png"; path = "../Default-Landscape~ipad.png"; sourceTree = "<group>"; };
		91BA649A16583B0C00B91A41 /* Default-Portrait@2x~ipad.png */ = {isa = PBXFileReference; lastKnownFileType = image.png; name = "Default-Portrait@2x~ipad.png"; path = "../Default-Portrait@2x~ipad.png"; sourceTree = "<group>"; };
		91BA649C16583B1E00B91A41 /* Default-Landscape@2x~ipad.png */ = {isa = PBXFileReference; lastKnownFileType = image.png; name = "Default-Landscape@2x~ipad.png"; path = "../Default-Landscape@2x~ipad.png"; sourceTree = "<group>"; };
		91BA649E16583F1700B91A41 /* happyRatingCompletedSmall320.png */ = {isa = PBXFileReference; lastKnownFileType = image.png; path = happyRatingCompletedSmall320.png; sourceTree = "<group>"; };
		91BA649F16583F1700B91A41 /* happyRatingHappySmall320.png */ = {isa = PBXFileReference; lastKnownFileType = image.png; path = happyRatingHappySmall320.png; sourceTree = "<group>"; };
		91BA64A016583F1800B91A41 /* happyRatingSadSmall320.png */ = {isa = PBXFileReference; lastKnownFileType = image.png; path = happyRatingSadSmall320.png; sourceTree = "<group>"; };
		91BA64A41658479700B91A41 /* QuartzCore.framework */ = {isa = PBXFileReference; lastKnownFileType = wrapper.framework; name = QuartzCore.framework; path = System/Library/Frameworks/QuartzCore.framework; sourceTree = SDKROOT; };
		91BA64A91659927D00B91A41 /* UIColor+CreateMethods.h */ = {isa = PBXFileReference; fileEncoding = 4; lastKnownFileType = sourcecode.c.h; path = "UIColor+CreateMethods.h"; sourceTree = "<group>"; };
		91BA64AA1659927D00B91A41 /* UIColor+CreateMethods.m */ = {isa = PBXFileReference; fileEncoding = 4; lastKnownFileType = sourcecode.c.objc; path = "UIColor+CreateMethods.m"; sourceTree = "<group>"; };
		91BA64B1165BDDD900B91A41 /* NSDate+Helper.h */ = {isa = PBXFileReference; fileEncoding = 4; lastKnownFileType = sourcecode.c.h; name = "NSDate+Helper.h"; path = "../NSDate+Helper.h"; sourceTree = "<group>"; };
		91BA64B2165BDDD900B91A41 /* NSDate+Helper.m */ = {isa = PBXFileReference; fileEncoding = 4; lastKnownFileType = sourcecode.c.objc; name = "NSDate+Helper.m"; path = "../NSDate+Helper.m"; sourceTree = "<group>"; };
		91BA64B4165C3F7900B91A41 /* PGToggleButton.h */ = {isa = PBXFileReference; fileEncoding = 4; lastKnownFileType = sourcecode.c.h; path = PGToggleButton.h; sourceTree = "<group>"; };
		91BA64B5165C3F7A00B91A41 /* PGToggleButton.m */ = {isa = PBXFileReference; fileEncoding = 4; lastKnownFileType = sourcecode.c.objc; path = PGToggleButton.m; sourceTree = "<group>"; };
		91BA64B7165C42F300B91A41 /* clock320.png */ = {isa = PBXFileReference; lastKnownFileType = image.png; path = clock320.png; sourceTree = "<group>"; };
		91BA64B9165C42F400B91A41 /* pause320.png */ = {isa = PBXFileReference; lastKnownFileType = image.png; path = pause320.png; sourceTree = "<group>"; };
		91BA64BA165C42F400B91A41 /* play320.png */ = {isa = PBXFileReference; lastKnownFileType = image.png; path = play320.png; sourceTree = "<group>"; };
		91BA64BB165C42F500B91A41 /* stop320.png */ = {isa = PBXFileReference; lastKnownFileType = image.png; path = stop320.png; sourceTree = "<group>"; };
/* End PBXFileReference section */

/* Begin PBXFrameworksBuildPhase section */
		9177C236162B4268004719B6 /* Frameworks */ = {
			isa = PBXFrameworksBuildPhase;
			buildActionMask = 2147483647;
			files = (
				9185847D165D40D200A2950E /* libobjc.A.dylib in Frameworks */,
				91BA64A51658479700B91A41 /* QuartzCore.framework in Frameworks */,
				91BA648B16557C8800B91A41 /* Security.framework in Frameworks */,
				9177C23E162B4268004719B6 /* UIKit.framework in Frameworks */,
				9177C240162B4268004719B6 /* Foundation.framework in Frameworks */,
				9177C242162B4268004719B6 /* CoreGraphics.framework in Frameworks */,
				D73935702920494185EAA5FA /* libPods.a in Frameworks */,
			);
			runOnlyForDeploymentPostprocessing = 0;
		};
/* End PBXFrameworksBuildPhase section */

/* Begin PBXGroup section */
		9153CD22167657CD00875EFB /* Command */ = {
			isa = PBXGroup;
			children = (
				916222071696001600464616 /* LoadJobsCommand.h */,
				916222081696001600464616 /* LoadJobsCommand.m */,
				918D637F16950AE500696318 /* LoadClientCompanies.h */,
				918D638016950AE600696318 /* LoadClientCompanies.m */,
				916222001695F59D00464616 /* ConfigureRestkitCommand.h */,
				916222011695F59D00464616 /* ConfigureRestkitCommand.m */,
				916222041695FF2000464616 /* ServiceCommandLibrary.h */,
				916222051695FF2000464616 /* ServiceCommandLibrary.m */,
			);
			name = Command;
			sourceTree = "<group>";
		};
		9153CD2316765B6F00875EFB /* Model */ = {
			isa = PBXGroup;
			children = (
				91110E47166EACDE00BBB7F8 /* GlobalModel.h */,
				91110E48166EACDE00BBB7F8 /* GlobalModel.m */,
				9185847F165D484200A2950E /* BaseObject.h */,
				91858480165D484200A2950E /* BaseObject.m */,
				91BA64821651949900B91A41 /* Money.h */,
				91BA64831651949900B91A41 /* Money.m */,
				91BA647E16516BB400B91A41 /* WS_TimeEntry.h */,
				91BA648016516BDF00B91A41 /* WS_TimeEntry.m */,
				91110E4D166FEA3700BBB7F8 /* WS_JobTaskAllocation.h */,
				91110E4E166FEA3700BBB7F8 /* WS_JobTaskAllocation.m */,
				918D5E67169085EA00696318 /* WS_AllocationInterval.h */,
				918D5E68169085EA00696318 /* WS_AllocationInterval.m */,
				91825CAA1679330F00404C52 /* WS_JobTask.h */,
				91825CAB1679330F00404C52 /* WS_JobTask.m */,
				9153CD0616750C8700875EFB /* WS_Job.h */,
				9153CD0716750C8700875EFB /* WS_Job.m */,
				9153CD0D167513D100875EFB /* WS_Client.h */,
				9153CD131675166D00875EFB /* WS_JobDetail.h */,
				9153CD141675166D00875EFB /* WS_JobDetail.m */,
				9153CD0A167513C100875EFB /* WS_Project.h */,
				9153CD0B167513C200875EFB /* WS_Project.m */,
				9153CD0E167513D100875EFB /* WS_Client.m */,
				9153CD101675146E00875EFB /* WS_TrafficEmployee.h */,
				9153CD111675146E00875EFB /* WS_TrafficEmployee.m */,
			);
			name = Model;
			sourceTree = "<group>";
		};
		9153CD2416765BD000875EFB /* View */ = {
			isa = PBXGroup;
			children = (
				9177C255162B4268004719B6 /* MainStoryboard_iPhone.storyboard */,
				9177C258162B4268004719B6 /* MainStoryboard_iPad.storyboard */,
				91BA648F1657F99000B91A41 /* TaskAllocationCell.h */,
				91BA64901657F99100B91A41 /* TaskAllocationCell.m */,
				91BA64B4165C3F7900B91A41 /* PGToggleButton.h */,
				91BA64B5165C3F7A00B91A41 /* PGToggleButton.m */,
				916A3ADF168515E800AEEEDF /* NothingSelectedView.xib */,
				911725C416A0C73F00D45E78 /* ActivityIndicator-iPhone.xib */,
			);
			name = View;
			sourceTree = "<group>";
		};
		9153CD2516765BE700875EFB /* Controller */ = {
			isa = PBXGroup;
			children = (
				9177C266162B450C004719B6 /* LoginViewController.h */,
				9177C267162B450C004719B6 /* LoginViewController.m */,
				9177C25B162B4268004719B6 /* MasterViewController.h */,
				9177C25C162B4268004719B6 /* MasterViewController.m */,
				9177C25E162B4268004719B6 /* DetailViewController.h */,
				9177C25F162B4268004719B6 /* DetailViewController.m */,
				91110E681674EF0E00BBB7F8 /* TaskDetailViewController.h */,
				91110E691674EF0F00BBB7F8 /* TaskDetailViewController.m */,
				916A3AE716875D4300AEEEDF /* SettingsViewController.h */,
				916A3AE816875D4300AEEEDF /* SettingsViewController.m */,
			);
			name = Controller;
			sourceTree = "<group>";
		};
		9153CD2616765C0200875EFB /* Utility */ = {
			isa = PBXGroup;
			children = (
				91BA648C1655A6E300B91A41 /* KeychainItemWrapper.h */,
				91BA648D1655A6E300B91A41 /* KeychainItemWrapper.m */,
				91BA64A91659927D00B91A41 /* UIColor+CreateMethods.h */,
				91BA64AA1659927D00B91A41 /* UIColor+CreateMethods.m */,
				91BA64B1165BDDD900B91A41 /* NSDate+Helper.h */,
				91BA64B2165BDDD900B91A41 /* NSDate+Helper.m */,
				916A3AEA1687648700AEEEDF /* UIToolbar+Helper.h */,
				916A3AEB1687648700AEEEDF /* UIToolbar+Helper.m */,
				918D5E7916922B1C00696318 /* NSDictionary+Helpers.h */,
				918D5E7716922AF700696318 /* NSDictionary+Helpers.m */,
				918D5E6E1690E30B00696318 /* HappyRatingHelper.h */,
				918D5E6F1690E30B00696318 /* HappyRatingHelper.m */,
				918D5E741691FA0700696318 /* NSNull+Addition.h */,
				918D5E751691FA0800696318 /* NSNull+Addition.m */,
			);
			name = Utility;
			sourceTree = "<group>";
		};
		9177C22E162B4268004719B6 = {
			isa = PBXGroup;
			children = (
				9177C243162B4268004719B6 /* Traffic */,
				9177C23C162B4268004719B6 /* Frameworks */,
				9177C23A162B4268004719B6 /* Products */,
				2FF048F9AFAE4FBE8D6F176E /* Pods.xcconfig */,
			);
			sourceTree = "<group>";
		};
		9177C23A162B4268004719B6 /* Products */ = {
			isa = PBXGroup;
			children = (
				9177C239162B4268004719B6 /* Traffic.app */,
			);
			name = Products;
			sourceTree = "<group>";
		};
		9177C23C162B4268004719B6 /* Frameworks */ = {
			isa = PBXGroup;
			children = (
				9185847C165D40D200A2950E /* libobjc.A.dylib */,
				91BA64A41658479700B91A41 /* QuartzCore.framework */,
				91BA648A16557C8800B91A41 /* Security.framework */,
				9177C23D162B4268004719B6 /* UIKit.framework */,
				9177C23F162B4268004719B6 /* Foundation.framework */,
				9177C241162B4268004719B6 /* CoreGraphics.framework */,
				03D043359D7343E5ACE3C01E /* libPods.a */,
			);
			name = Frameworks;
			sourceTree = "<group>";
		};
		9177C243162B4268004719B6 /* Traffic */ = {
			isa = PBXGroup;
			children = (
				9177C24C162B4268004719B6 /* AppDelegate.h */,
				9177C24D162B4268004719B6 /* AppDelegate.m */,
				91110E5F167262C500BBB7F8 /* Constants.h */,
				91110E60167262C600BBB7F8 /* Constants.m */,
				9153CD2316765B6F00875EFB /* Model */,
				9153CD2416765BD000875EFB /* View */,
				9153CD2516765BE700875EFB /* Controller */,
				9153CD22167657CD00875EFB /* Command */,
				9153CD2616765C0200875EFB /* Utility */,
				9177C244162B4268004719B6 /* Supporting Files */,
			);
			path = Traffic;
			sourceTree = "<group>";
		};
		9177C244162B4268004719B6 /* Supporting Files */ = {
			isa = PBXGroup;
			children = (
				917C3E82168B5A0400896A61 /* images */,
				9177C245162B4268004719B6 /* Traffic-Info.plist */,
				9177C246162B4268004719B6 /* InfoPlist.strings */,
				9177C249162B4268004719B6 /* main.m */,
				9177C24B162B4268004719B6 /* Traffic-Prefix.pch */,
			);
			name = "Supporting Files";
			sourceTree = "<group>";
		};
		917C3E82168B5A0400896A61 /* images */ = {
			isa = PBXGroup;
			children = (
				91BA64BA165C42F400B91A41 /* play320.png */,
				91BA64BB165C42F500B91A41 /* stop320.png */,
				91825CBB167D2B0000404C52 /* whiteLogo320.png */,
				91825CBD167D2C0A00404C52 /* login_background_landscape.png */,
				91BA649E16583F1700B91A41 /* happyRatingCompletedSmall320.png */,
				91BA649F16583F1700B91A41 /* happyRatingHappySmall320.png */,
				91BA64A016583F1800B91A41 /* happyRatingSadSmall320.png */,
				91709B7016768CDA00078DCA /* greyLogo320.png */,
				91BA64B7165C42F300B91A41 /* clock320.png */,
				91BA64B9165C42F400B91A41 /* pause320.png */,
				918D5E8C1694DAFD00696318 /* icon */,
				918D5E8B1694DAE400696318 /* splash */,
				917C3E84168B5A1C00896A61 /* iphone */,
				917C3E83168B5A1500896A61 /* ipad */,
			);
			name = images;
			sourceTree = "<group>";
		};
		917C3E83168B5A1500896A61 /* ipad */ = {
			isa = PBXGroup;
			children = (
			);
			name = ipad;
			sourceTree = "<group>";
		};
		917C3E84168B5A1C00896A61 /* iphone */ = {
			isa = PBXGroup;
			children = (
				918D5E7C1693897600696318 /* whiteLogo160.png */,
				910390CF1688829B0022F869 /* login_background_portrait_iphone.png */,
			);
			name = iphone;
			sourceTree = "<group>";
		};
		918D5E8B1694DAE400696318 /* splash */ = {
			isa = PBXGroup;
			children = (
				918AD3B7166E468C00DFC21C /* Default-568h@2x.png */,
				918AD3B5166E466A00DFC21C /* Default@2x.png */,
				918AD3B3166E464E00DFC21C /* Default.png */,
				91BA649C16583B1E00B91A41 /* Default-Landscape@2x~ipad.png */,
				91BA649A16583B0C00B91A41 /* Default-Portrait@2x~ipad.png */,
				91BA649816583AF200B91A41 /* Default-Landscape~ipad.png */,
				91BA649616583AD300B91A41 /* Default-Portrait~ipad.png */,
			);
			name = splash;
			sourceTree = "<group>";
		};
		918D5E8C1694DAFD00696318 /* icon */ = {
			isa = PBXGroup;
			children = (
				911725CD16A1A7F700D45E78 /* traffic_logo_144.png */,
				911725CB16A1A7EE00D45E78 /* traffic_logo_72.png */,
				911725C916A1A7C600D45E78 /* traffic_logo_114.png */,
				911725C716A1A7AE00D45E78 /* traffic_logo_57.png */,
			);
			name = icon;
			sourceTree = "<group>";
		};
/* End PBXGroup section */

/* Begin PBXNativeTarget section */
		9177C238162B4268004719B6 /* Traffic */ = {
			isa = PBXNativeTarget;
			buildConfigurationList = 9177C263162B4268004719B6 /* Build configuration list for PBXNativeTarget "Traffic" */;
			buildPhases = (
				9177C235162B4268004719B6 /* Sources */,
				9177C236162B4268004719B6 /* Frameworks */,
				9177C237162B4268004719B6 /* Resources */,
				37C65FDBCA70406D9B04B32C /* Copy Pods Resources */,
			);
			buildRules = (
			);
			dependencies = (
			);
			name = Traffic;
			productName = Traffic;
			productReference = 9177C239162B4268004719B6 /* Traffic.app */;
			productType = "com.apple.product-type.application";
		};
/* End PBXNativeTarget section */

/* Begin PBXProject section */
		9177C230162B4268004719B6 /* Project object */ = {
			isa = PBXProject;
			attributes = {
				LastUpgradeCheck = 0450;
				ORGANIZATIONNAME = "Tom Fryer";
			};
			buildConfigurationList = 9177C233162B4268004719B6 /* Build configuration list for PBXProject "Traffic" */;
			compatibilityVersion = "Xcode 3.2";
			developmentRegion = English;
			hasScannedForEncodings = 0;
			knownRegions = (
				en,
			);
			mainGroup = 9177C22E162B4268004719B6;
			productRefGroup = 9177C23A162B4268004719B6 /* Products */;
			projectDirPath = "";
			projectRoot = "";
			targets = (
				9177C238162B4268004719B6 /* Traffic */,
			);
		};
/* End PBXProject section */

/* Begin PBXResourcesBuildPhase section */
		9177C237162B4268004719B6 /* Resources */ = {
			isa = PBXResourcesBuildPhase;
			buildActionMask = 2147483647;
			files = (
				9177C248162B4268004719B6 /* InfoPlist.strings in Resources */,
				9177C257162B4268004719B6 /* MainStoryboard_iPhone.storyboard in Resources */,
				9177C25A162B4268004719B6 /* MainStoryboard_iPad.storyboard in Resources */,
				91BA649716583AD300B91A41 /* Default-Portrait~ipad.png in Resources */,
				91BA649916583AF200B91A41 /* Default-Landscape~ipad.png in Resources */,
				91BA649B16583B0C00B91A41 /* Default-Portrait@2x~ipad.png in Resources */,
				91BA649D16583B1E00B91A41 /* Default-Landscape@2x~ipad.png in Resources */,
				91BA64A116583F1800B91A41 /* happyRatingCompletedSmall320.png in Resources */,
				91BA64A216583F1800B91A41 /* happyRatingHappySmall320.png in Resources */,
				91BA64A316583F1800B91A41 /* happyRatingSadSmall320.png in Resources */,
				91BA64BC165C42F600B91A41 /* clock320.png in Resources */,
				91BA64BE165C42F600B91A41 /* pause320.png in Resources */,
				91BA64BF165C42F600B91A41 /* play320.png in Resources */,
				91BA64C0165C42F600B91A41 /* stop320.png in Resources */,
				918AD3B4166E464F00DFC21C /* Default.png in Resources */,
				918AD3B6166E466A00DFC21C /* Default@2x.png in Resources */,
				918AD3B8166E468C00DFC21C /* Default-568h@2x.png in Resources */,
				91709B7116768CDA00078DCA /* greyLogo320.png in Resources */,
				91825CBC167D2B0100404C52 /* whiteLogo320.png in Resources */,
				91825CBE167D2C0B00404C52 /* login_background_landscape.png in Resources */,
				916A3AE0168515E800AEEEDF /* NothingSelectedView.xib in Resources */,
				910390D01688829B0022F869 /* login_background_portrait_iphone.png in Resources */,
				918D5E7D1693897600696318 /* whiteLogo160.png in Resources */,
				911725C516A0C73F00D45E78 /* ActivityIndicator-iPhone.xib in Resources */,
				911725C816A1A7B000D45E78 /* traffic_logo_57.png in Resources */,
				911725CA16A1A7C700D45E78 /* traffic_logo_114.png in Resources */,
				911725CC16A1A7EF00D45E78 /* traffic_logo_72.png in Resources */,
				911725CE16A1A7F800D45E78 /* traffic_logo_144.png in Resources */,
			);
			runOnlyForDeploymentPostprocessing = 0;
		};
/* End PBXResourcesBuildPhase section */

/* Begin PBXShellScriptBuildPhase section */
		37C65FDBCA70406D9B04B32C /* Copy Pods Resources */ = {
			isa = PBXShellScriptBuildPhase;
			buildActionMask = 2147483647;
			files = (
			);
			inputPaths = (
			);
			name = "Copy Pods Resources";
			outputPaths = (
			);
			runOnlyForDeploymentPostprocessing = 0;
			shellPath = /bin/sh;
			shellScript = "\"${SRCROOT}/Pods/Pods-resources.sh\"\n";
		};
/* End PBXShellScriptBuildPhase section */

/* Begin PBXSourcesBuildPhase section */
		9177C235162B4268004719B6 /* Sources */ = {
			isa = PBXSourcesBuildPhase;
			buildActionMask = 2147483647;
			files = (
				917C3E88168E10AC00896A61 /* Money.m in Sources */,
				9177C24A162B4268004719B6 /* main.m in Sources */,
				9177C24E162B4268004719B6 /* AppDelegate.m in Sources */,
				9177C25D162B4268004719B6 /* MasterViewController.m in Sources */,
				9177C260162B4268004719B6 /* DetailViewController.m in Sources */,
				9177C268162B450C004719B6 /* LoginViewController.m in Sources */,
				91BA648116516BDF00B91A41 /* WS_TimeEntry.m in Sources */,
				91BA648E1655A6E300B91A41 /* KeychainItemWrapper.m in Sources */,
				91BA64911657F99200B91A41 /* TaskAllocationCell.m in Sources */,
				91BA64AB1659927D00B91A41 /* UIColor+CreateMethods.m in Sources */,
				91BA64B3165BDDDA00B91A41 /* NSDate+Helper.m in Sources */,
				91BA64B6165C3F7B00B91A41 /* PGToggleButton.m in Sources */,
				91858481165D484200A2950E /* BaseObject.m in Sources */,
				91110E49166EACDE00BBB7F8 /* GlobalModel.m in Sources */,
				91110E4F166FEA3700BBB7F8 /* WS_JobTaskAllocation.m in Sources */,
				91110E61167262C600BBB7F8 /* Constants.m in Sources */,
				91110E6A1674EF0F00BBB7F8 /* TaskDetailViewController.m in Sources */,
				9153CD0816750C8700875EFB /* WS_Job.m in Sources */,
				9153CD0C167513C200875EFB /* WS_Project.m in Sources */,
				9153CD0F167513D200875EFB /* WS_Client.m in Sources */,
				9153CD121675146E00875EFB /* WS_TrafficEmployee.m in Sources */,
				9153CD151675166D00875EFB /* WS_JobDetail.m in Sources */,
				91825CAC1679331000404C52 /* WS_JobTask.m in Sources */,
				916A3AE916875D4300AEEEDF /* SettingsViewController.m in Sources */,
				916A3AEC1687648800AEEEDF /* UIToolbar+Helper.m in Sources */,
				918D5E69169085EA00696318 /* WS_AllocationInterval.m in Sources */,
				918D5E701690E30B00696318 /* HappyRatingHelper.m in Sources */,
				918D5E761691FA0800696318 /* NSNull+Addition.m in Sources */,
				918D5E7816922AF800696318 /* NSDictionary+Helpers.m in Sources */,
				918D638116950AEA00696318 /* LoadClientCompanies.m in Sources */,
				916222021695F59E00464616 /* ConfigureRestkitCommand.m in Sources */,
				916222061695FF2000464616 /* ServiceCommandLibrary.m in Sources */,
				916222091696001700464616 /* LoadJobsCommand.m in Sources */,
			);
			runOnlyForDeploymentPostprocessing = 0;
		};
/* End PBXSourcesBuildPhase section */

/* Begin PBXVariantGroup section */
		9177C246162B4268004719B6 /* InfoPlist.strings */ = {
			isa = PBXVariantGroup;
			children = (
				9177C247162B4268004719B6 /* en */,
			);
			name = InfoPlist.strings;
			sourceTree = "<group>";
		};
		9177C255162B4268004719B6 /* MainStoryboard_iPhone.storyboard */ = {
			isa = PBXVariantGroup;
			children = (
				9177C256162B4268004719B6 /* en */,
			);
			name = MainStoryboard_iPhone.storyboard;
			sourceTree = "<group>";
		};
		9177C258162B4268004719B6 /* MainStoryboard_iPad.storyboard */ = {
			isa = PBXVariantGroup;
			children = (
				9177C259162B4268004719B6 /* en */,
			);
			name = MainStoryboard_iPad.storyboard;
			sourceTree = "<group>";
		};
/* End PBXVariantGroup section */

/* Begin XCBuildConfiguration section */
		9177C261162B4268004719B6 /* Debug */ = {
			isa = XCBuildConfiguration;
			buildSettings = {
				ALWAYS_SEARCH_USER_PATHS = NO;
				CLANG_CXX_LANGUAGE_STANDARD = "gnu++0x";
				CLANG_CXX_LIBRARY = "libc++";
				CLANG_ENABLE_OBJC_ARC = YES;
				CLANG_WARN_EMPTY_BODY = YES;
				CLANG_WARN__DUPLICATE_METHOD_MATCH = YES;
				"CODE_SIGN_IDENTITY[sdk=iphoneos*]" = "iPhone Developer";
				COPY_PHASE_STRIP = NO;
				GCC_C_LANGUAGE_STANDARD = gnu99;
				GCC_DYNAMIC_NO_PIC = NO;
				GCC_OPTIMIZATION_LEVEL = 0;
				GCC_PREPROCESSOR_DEFINITIONS = (
					"DEBUG=1",
					"$(inherited)",
				);
				GCC_SYMBOLS_PRIVATE_EXTERN = NO;
				GCC_WARN_ABOUT_RETURN_TYPE = YES;
				GCC_WARN_UNINITIALIZED_AUTOS = YES;
				GCC_WARN_UNUSED_VARIABLE = YES;
				IPHONEOS_DEPLOYMENT_TARGET = 6.0;
				ONLY_ACTIVE_ARCH = YES;
				SDKROOT = iphoneos;
				TARGETED_DEVICE_FAMILY = 1;
			};
			name = Debug;
		};
		9177C262162B4268004719B6 /* Release */ = {
			isa = XCBuildConfiguration;
			buildSettings = {
				ALWAYS_SEARCH_USER_PATHS = NO;
				CLANG_CXX_LANGUAGE_STANDARD = "gnu++0x";
				CLANG_CXX_LIBRARY = "libc++";
				CLANG_ENABLE_OBJC_ARC = YES;
				CLANG_WARN_EMPTY_BODY = YES;
				CLANG_WARN__DUPLICATE_METHOD_MATCH = YES;
				"CODE_SIGN_IDENTITY[sdk=iphoneos*]" = "iPhone Developer";
				COPY_PHASE_STRIP = YES;
				GCC_C_LANGUAGE_STANDARD = gnu99;
				GCC_WARN_ABOUT_RETURN_TYPE = YES;
				GCC_WARN_UNINITIALIZED_AUTOS = YES;
				GCC_WARN_UNUSED_VARIABLE = YES;
				IPHONEOS_DEPLOYMENT_TARGET = 6.0;
				OTHER_CFLAGS = "-DNS_BLOCK_ASSERTIONS=1";
				SDKROOT = iphoneos;
				TARGETED_DEVICE_FAMILY = 1;
				VALIDATE_PRODUCT = YES;
			};
			name = Release;
		};
		9177C264162B4268004719B6 /* Debug */ = {
			isa = XCBuildConfiguration;
			baseConfigurationReference = 2FF048F9AFAE4FBE8D6F176E /* Pods.xcconfig */;
			buildSettings = {
				FRAMEWORK_SEARCH_PATHS = (
					"$(inherited)",
					"\"$(SRCROOT)/RestKit/Tests/Vendor/OCHamcrest\"",
				);
				GCC_PRECOMPILE_PREFIX_HEADER = YES;
				GCC_PREFIX_HEADER = "Traffic/Traffic-Prefix.pch";
				INFOPLIST_FILE = "Traffic/Traffic-Info.plist";
				PRODUCT_NAME = "$(TARGET_NAME)";
				TARGETED_DEVICE_FAMILY = "1,2";
				WRAPPER_EXTENSION = app;
			};
			name = Debug;
		};
		9177C265162B4268004719B6 /* Release */ = {
			isa = XCBuildConfiguration;
			baseConfigurationReference = 2FF048F9AFAE4FBE8D6F176E /* Pods.xcconfig */;
			buildSettings = {
				FRAMEWORK_SEARCH_PATHS = (
					"$(inherited)",
					"\"$(SRCROOT)/RestKit/Tests/Vendor/OCHamcrest\"",
				);
				GCC_PRECOMPILE_PREFIX_HEADER = YES;
				GCC_PREFIX_HEADER = "Traffic/Traffic-Prefix.pch";
				INFOPLIST_FILE = "Traffic/Traffic-Info.plist";
				PRODUCT_NAME = "$(TARGET_NAME)";
				TARGETED_DEVICE_FAMILY = "1,2";
				WRAPPER_EXTENSION = app;
			};
			name = Release;
		};
/* End XCBuildConfiguration section */

/* Begin XCConfigurationList section */
		9177C233162B4268004719B6 /* Build configuration list for PBXProject "Traffic" */ = {
			isa = XCConfigurationList;
			buildConfigurations = (
				9177C261162B4268004719B6 /* Debug */,
				9177C262162B4268004719B6 /* Release */,
			);
			defaultConfigurationIsVisible = 0;
			defaultConfigurationName = Release;
		};
		9177C263162B4268004719B6 /* Build configuration list for PBXNativeTarget "Traffic" */ = {
			isa = XCConfigurationList;
			buildConfigurations = (
				9177C264162B4268004719B6 /* Debug */,
				9177C265162B4268004719B6 /* Release */,
			);
			defaultConfigurationIsVisible = 0;
			defaultConfigurationName = Release;
		};
/* End XCConfigurationList section */
	};
	rootObject = 9177C230162B4268004719B6 /* Project object */;
}
